
Microsoft Visual Studio Solution File, Format Version 12.00
# Visual Studio Version 17
VisualStudioVersion = 17.10.35004.147
MinimumVisualStudioVersion = 10.0.40219.1
Project("{9A19103F-16F7-4668-BE54-9A1E7A4F7556}") = "RsTaskManager.API", "RsTaskManager.API\RsTaskManager.API.csproj", "{72D2BFF0-81FB-489D-94AE-08E1288F67AD}"
EndProject
Project("{9A19103F-16F7-4668-BE54-9A1E7A4F7556}") = "RsTaskManager.Communication", "RsTaskManager.Communication\RsTaskManager.Communication.csproj", "{495909A5-CA1D-41E6-AC1E-CA0C3B86CFBD}"
EndProject
Project("{9A19103F-16F7-4668-BE54-9A1E7A4F7556}") = "RsTaskManager.Application", "RsTaskManager.Application\RsTaskManager.Application.csproj", "{2292ADB1-9099-4E75-A0EA-8A6A10C37031}"
EndProject
Project("{9A19103F-16F7-4668-BE54-9A1E7A4F7556}") = "RsTaskManager.API.Tests", "RsTaskManager.Tests\RsTaskManager.API.Tests.csproj", "{EFF9A951-7112-49C3-9605-D8ECA57DB435}"
EndProject
Global
	GlobalSection(SolutionConfigurationPlatforms) = preSolution
		Debug|Any CPU = Debug|Any CPU
		Release|Any CPU = Release|Any CPU
	EndGlobalSection
	GlobalSection(ProjectConfigurationPlatforms) = postSolution
		{72D2BFF0-81FB-489D-94AE-08E1288F67AD}.Debug|Any CPU.ActiveCfg = Debug|Any CPU
		{72D2BFF0-81FB-489D-94AE-08E1288F67AD}.Debug|Any CPU.Build.0 = Debug|Any CPU
		{72D2BFF0-81FB-489D-94AE-08E1288F67AD}.Release|Any CPU.ActiveCfg = Release|Any CPU
		{72D2BFF0-81FB-489D-94AE-08E1288F67AD}.Release|Any CPU.Build.0 = Release|Any CPU
		{495909A5-CA1D-41E6-AC1E-CA0C3B86CFBD}.Debug|Any CPU.ActiveCfg = Debug|Any CPU
		{495909A5-CA1D-41E6-AC1E-CA0C3B86CFBD}.Debug|Any CPU.Build.0 = Debug|Any CPU
		{495909A5-CA1D-41E6-AC1E-CA0C3B86CFBD}.Release|Any CPU.ActiveCfg = Release|Any CPU
		{495909A5-CA1D-41E6-AC1E-CA0C3B86CFBD}.Release|Any CPU.Build.0 = Release|Any CPU
		{2292ADB1-9099-4E75-A0EA-8A6A10C37031}.Debug|Any CPU.ActiveCfg = Debug|Any CPU
		{2292ADB1-9099-4E75-A0EA-8A6A10C37031}.Debug|Any CPU.Build.0 = Debug|Any CPU
		{2292ADB1-9099-4E75-A0EA-8A6A10C37031}.Release|Any CPU.ActiveCfg = Release|Any CPU
		{2292ADB1-9099-4E75-A0EA-8A6A10C37031}.Release|Any CPU.Build.0 = Release|Any CPU
		{EFF9A951-7112-49C3-9605-D8ECA57DB435}.Debug|Any CPU.ActiveCfg = Debug|Any CPU
		{EFF9A951-7112-49C3-9605-D8ECA57DB435}.Debug|Any CPU.Build.0 = Debug|Any CPU
		{EFF9A951-7112-49C3-9605-D8ECA57DB435}.Release|Any CPU.ActiveCfg = Release|Any CPU
		{EFF9A951-7112-49C3-9605-D8ECA57DB435}.Release|Any CPU.Build.0 = Release|Any CPU
	EndGlobalSection
	GlobalSection(SolutionProperties) = preSolution
		HideSolutionNode = FALSE
	EndGlobalSection
	GlobalSection(ExtensibilityGlobals) = postSolution
		SolutionGuid = {F0215F1A-37AB-4167-8DB9-43041A5815A4}
	EndGlobalSection
EndGlobal
